
Microsoft Visual Studio Solution File, Format Version 12.00
# Visual Studio Version 17
VisualStudioVersion = 17.0.31903.59
MinimumVisualStudioVersion = 10.0.40219.1
Project("{FAE04EC0-301F-11D3-BF4B-00C04F79EFBC}") = "Web.API", "Web.API\Web.API.csproj", "{3C6AEF22-10C8-4217-BA9C-572060CDEAE4}"
EndProject
Project("{FAE04EC0-301F-11D3-BF4B-00C04F79EFBC}") = "Application", "Application\Application.csproj", "{19BEB4EB-924D-4AD7-908B-734966CB9CB4}"
EndProject
Project("{FAE04EC0-301F-11D3-BF4B-00C04F79EFBC}") = "Infraestructure", "Infraestructure\Infraestructure.csproj", "{83C421C4-9CED-4BB0-8F0C-D301D317A6D3}"
EndProject
Project("{FAE04EC0-301F-11D3-BF4B-00C04F79EFBC}") = "Domain", "Domain\Domain.csproj", "{C5881248-138F-422B-BA21-B7862B53CDDA}"
EndProject
Global
	GlobalSection(SolutionConfigurationPlatforms) = preSolution
		Debug|Any CPU = Debug|Any CPU
		Release|Any CPU = Release|Any CPU
	EndGlobalSection
	GlobalSection(SolutionProperties) = preSolution
		HideSolutionNode = FALSE
	EndGlobalSection
	GlobalSection(ProjectConfigurationPlatforms) = postSolution
		{3C6AEF22-10C8-4217-BA9C-572060CDEAE4}.Debug|Any CPU.ActiveCfg = Debug|Any CPU
		{3C6AEF22-10C8-4217-BA9C-572060CDEAE4}.Debug|Any CPU.Build.0 = Debug|Any CPU
		{3C6AEF22-10C8-4217-BA9C-572060CDEAE4}.Release|Any CPU.ActiveCfg = Release|Any CPU
		{3C6AEF22-10C8-4217-BA9C-572060CDEAE4}.Release|Any CPU.Build.0 = Release|Any CPU
		{19BEB4EB-924D-4AD7-908B-734966CB9CB4}.Debug|Any CPU.ActiveCfg = Debug|Any CPU
		{19BEB4EB-924D-4AD7-908B-734966CB9CB4}.Debug|Any CPU.Build.0 = Debug|Any CPU
		{19BEB4EB-924D-4AD7-908B-734966CB9CB4}.Release|Any CPU.ActiveCfg = Release|Any CPU
		{19BEB4EB-924D-4AD7-908B-734966CB9CB4}.Release|Any CPU.Build.0 = Release|Any CPU
		{83C421C4-9CED-4BB0-8F0C-D301D317A6D3}.Debug|Any CPU.ActiveCfg = Debug|Any CPU
		{83C421C4-9CED-4BB0-8F0C-D301D317A6D3}.Debug|Any CPU.Build.0 = Debug|Any CPU
		{83C421C4-9CED-4BB0-8F0C-D301D317A6D3}.Release|Any CPU.ActiveCfg = Release|Any CPU
		{83C421C4-9CED-4BB0-8F0C-D301D317A6D3}.Release|Any CPU.Build.0 = Release|Any CPU
		{C5881248-138F-422B-BA21-B7862B53CDDA}.Debug|Any CPU.ActiveCfg = Debug|Any CPU
		{C5881248-138F-422B-BA21-B7862B53CDDA}.Debug|Any CPU.Build.0 = Debug|Any CPU
		{C5881248-138F-422B-BA21-B7862B53CDDA}.Release|Any CPU.ActiveCfg = Release|Any CPU
		{C5881248-138F-422B-BA21-B7862B53CDDA}.Release|Any CPU.Build.0 = Release|Any CPU
	EndGlobalSection
EndGlobal
